
Microsoft Visual Studio Solution File, Format Version 12.00
# Visual Studio 15
VisualStudioVersion = 15.0.27428.2005
MinimumVisualStudioVersion = 10.0.40219.1
Project("{FAE04EC0-301F-11D3-BF4B-00C04F79EFBC}") = "FindTabKey", "FindTabKey\FindTabKey.csproj", "{406F1F9B-1E58-47BE-90CB-5B8699C777F2}"
EndProject
Global
	GlobalSection(SolutionConfigurationPlatforms) = preSolution
		Debug|Any CPU = Debug|Any CPU
		Release|Any CPU = Release|Any CPU
	EndGlobalSection
	GlobalSection(ProjectConfigurationPlatforms) = postSolution
		{406F1F9B-1E58-47BE-90CB-5B8699C777F2}.Debug|Any CPU.ActiveCfg = Debug|Any CPU
		{406F1F9B-1E58-47BE-90CB-5B8699C777F2}.Debug|Any CPU.Build.0 = Debug|Any CPU
		{406F1F9B-1E58-47BE-90CB-5B8699C777F2}.Release|Any CPU.ActiveCfg = Release|Any CPU
		{406F1F9B-1E58-47BE-90CB-5B8699C777F2}.Release|Any CPU.Build.0 = Release|Any CPU
	EndGlobalSection
	GlobalSection(SolutionProperties) = preSolution
		HideSolutionNode = FALSE
	EndGlobalSection
	GlobalSection(ExtensibilityGlobals) = postSolution
		SolutionGuid = {EA980F08-CBC6-4C37-91A4-4DC48C3C30DF}
	EndGlobalSection
EndGlobal
